
Microsoft Visual Studio Solution File, Format Version 12.00
# Visual Studio Version 17
VisualStudioVersion = 17.6.33829.357
MinimumVisualStudioVersion = 10.0.40219.1
Project("{FAE04EC0-301F-11D3-BF4B-00C04F79EFBC}") = "Test Forms", "Test Forms.csproj", "{5C525BB0-3991-476A-AF6A-690942131444}"
EndProject
Global
	GlobalSection(SolutionConfigurationPlatforms) = preSolution
		Debug|Any CPU = Debug|Any CPU
		Release|Any CPU = Release|Any CPU
	EndGlobalSection
	GlobalSection(ProjectConfigurationPlatforms) = postSolution
		{5C525BB0-3991-476A-AF6A-690942131444}.Debug|Any CPU.ActiveCfg = Debug|Any CPU
		{5C525BB0-3991-476A-AF6A-690942131444}.Debug|Any CPU.Build.0 = Debug|Any CPU
		{5C525BB0-3991-476A-AF6A-690942131444}.Release|Any CPU.ActiveCfg = Release|Any CPU
		{5C525BB0-3991-476A-AF6A-690942131444}.Release|Any CPU.Build.0 = Release|Any CPU
	EndGlobalSection
	GlobalSection(SolutionProperties) = preSolution
		HideSolutionNode = FALSE
	EndGlobalSection
	GlobalSection(ExtensibilityGlobals) = postSolution
		SolutionGuid = {8DA6003D-0016-4A59-96A2-6EE67010E721}
	EndGlobalSection
EndGlobal
